
Microsoft Visual Studio Solution File, Format Version 12.00
# Visual Studio Version 17
VisualStudioVersion = 17.9.34622.214
MinimumVisualStudioVersion = 10.0.40219.1
Project("{FAE04EC0-301F-11D3-BF4B-00C04F79EFBC}") = "StopWatchOOP", "StopWatchOOP\StopWatchOOP.csproj", "{DC9FB786-7DEA-4170-B9E1-6D8FE6B92D51}"
EndProject
Global
	GlobalSection(SolutionConfigurationPlatforms) = preSolution
		Debug|Any CPU = Debug|Any CPU
		Release|Any CPU = Release|Any CPU
	EndGlobalSection
	GlobalSection(ProjectConfigurationPlatforms) = postSolution
		{DC9FB786-7DEA-4170-B9E1-6D8FE6B92D51}.Debug|Any CPU.ActiveCfg = Debug|Any CPU
		{DC9FB786-7DEA-4170-B9E1-6D8FE6B92D51}.Debug|Any CPU.Build.0 = Debug|Any CPU
		{DC9FB786-7DEA-4170-B9E1-6D8FE6B92D51}.Release|Any CPU.ActiveCfg = Release|Any CPU
		{DC9FB786-7DEA-4170-B9E1-6D8FE6B92D51}.Release|Any CPU.Build.0 = Release|Any CPU
	EndGlobalSection
	GlobalSection(SolutionProperties) = preSolution
		HideSolutionNode = FALSE
	EndGlobalSection
	GlobalSection(ExtensibilityGlobals) = postSolution
		SolutionGuid = {E340EEDE-C509-4CBF-A293-D7B71A04D92C}
	EndGlobalSection
EndGlobal
