
Microsoft Visual Studio Solution File, Format Version 12.00
# Visual Studio Version 17
VisualStudioVersion = 17.9.34622.214
MinimumVisualStudioVersion = 10.0.40219.1
Project("{FAE04EC0-301F-11D3-BF4B-00C04F79EFBC}") = "AnimalOOP", "AnimalOOP\AnimalOOP.csproj", "{7C3E066D-4A55-4593-9A61-7681B4319BCE}"
EndProject
Global
	GlobalSection(SolutionConfigurationPlatforms) = preSolution
		Debug|Any CPU = Debug|Any CPU
		Release|Any CPU = Release|Any CPU
	EndGlobalSection
	GlobalSection(ProjectConfigurationPlatforms) = postSolution
		{7C3E066D-4A55-4593-9A61-7681B4319BCE}.Debug|Any CPU.ActiveCfg = Debug|Any CPU
		{7C3E066D-4A55-4593-9A61-7681B4319BCE}.Debug|Any CPU.Build.0 = Debug|Any CPU
		{7C3E066D-4A55-4593-9A61-7681B4319BCE}.Release|Any CPU.ActiveCfg = Release|Any CPU
		{7C3E066D-4A55-4593-9A61-7681B4319BCE}.Release|Any CPU.Build.0 = Release|Any CPU
	EndGlobalSection
	GlobalSection(SolutionProperties) = preSolution
		HideSolutionNode = FALSE
	EndGlobalSection
	GlobalSection(ExtensibilityGlobals) = postSolution
		SolutionGuid = {FB0A705C-A9FB-46D7-9AC2-E86652CBB7D6}
	EndGlobalSection
EndGlobal
